// !$*UTF8*$!
{
	archiveVersion = 1;
	classes = {
	};
	objectVersion = 48;
	objects = {

/* Begin PBXBuildFile section */
		01760C9C20A85EF100BAB352 /* AppDelegate.swift in Sources */ = {isa = PBXBuildFile; fileRef = 01760C9B20A85EF100BAB352 /* AppDelegate.swift */; };
		01760C9E20A85EF100BAB352 /* ViewController.swift in Sources */ = {isa = PBXBuildFile; fileRef = 01760C9D20A85EF100BAB352 /* ViewController.swift */; };
		01760CA120A85EF100BAB352 /* Main.storyboard in Resources */ = {isa = PBXBuildFile; fileRef = 01760C9F20A85EF100BAB352 /* Main.storyboard */; };
		01760CA320A85EF100BAB352 /* Assets.xcassets in Resources */ = {isa = PBXBuildFile; fileRef = 01760CA220A85EF100BAB352 /* Assets.xcassets */; };
		01760CA620A85EF100BAB352 /* LaunchScreen.storyboard in Resources */ = {isa = PBXBuildFile; fileRef = 01760CA420A85EF100BAB352 /* LaunchScreen.storyboard */; };
		01760CB120A85EF100BAB352 /* Douyu_APPTests.swift in Sources */ = {isa = PBXBuildFile; fileRef = 01760CB020A85EF100BAB352 /* Douyu_APPTests.swift */; };
		01760CBC20A85EF100BAB352 /* Douyu_APPUITests.swift in Sources */ = {isa = PBXBuildFile; fileRef = 01760CBB20A85EF100BAB352 /* Douyu_APPUITests.swift */; };
/* End PBXBuildFile section */

/* Begin PBXContainerItemProxy section */
		01760CAD20A85EF100BAB352 /* PBXContainerItemProxy */ = {
			isa = PBXContainerItemProxy;
			containerPortal = 01760C9020A85EF100BAB352 /* Project object */;
			proxyType = 1;
			remoteGlobalIDString = 01760C9720A85EF100BAB352;
			remoteInfo = "Douyu APP";
		};
		01760CB820A85EF100BAB352 /* PBXContainerItemProxy */ = {
			isa = PBXContainerItemProxy;
			containerPortal = 01760C9020A85EF100BAB352 /* Project object */;
			proxyType = 1;
			remoteGlobalIDString = 01760C9720A85EF100BAB352;
			remoteInfo = "Douyu APP";
		};
/* End PBXContainerItemProxy section */

/* Begin PBXFileReference section */
		01760C9820A85EF100BAB352 /* Douyu APP.app */ = {isa = PBXFileReference; explicitFileType = wrapper.application; includeInIndex = 0; path = "Douyu APP.app"; sourceTree = BUILT_PRODUCTS_DIR; };
		01760C9B20A85EF100BAB352 /* AppDelegate.swift */ = {isa = PBXFileReference; lastKnownFileType = sourcecode.swift; path = AppDelegate.swift; sourceTree = "<group>"; };
		01760C9D20A85EF100BAB352 /* ViewController.swift */ = {isa = PBXFileReference; lastKnownFileType = sourcecode.swift; path = ViewController.swift; sourceTree = "<group>"; };
		01760CA020A85EF100BAB352 /* Base */ = {isa = PBXFileReference; lastKnownFileType = file.storyboard; name = Base; path = Base.lproj/Main.storyboard; sourceTree = "<group>"; };
		01760CA220A85EF100BAB352 /* Assets.xcassets */ = {isa = PBXFileReference; lastKnownFileType = folder.assetcatalog; path = Assets.xcassets; sourceTree = "<group>"; };
		01760CA520A85EF100BAB352 /* Base */ = {isa = PBXFileReference; lastKnownFileType = file.storyboard; name = Base; path = Base.lproj/LaunchScreen.storyboard; sourceTree = "<group>"; };
		01760CA720A85EF100BAB352 /* Info.plist */ = {isa = PBXFileReference; lastKnownFileType = text.plist.xml; path = Info.plist; sourceTree = "<group>"; };
		01760CAC20A85EF100BAB352 /* Douyu APPTests.xctest */ = {isa = PBXFileReference; explicitFileType = wrapper.cfbundle; includeInIndex = 0; path = "Douyu APPTests.xctest"; sourceTree = BUILT_PRODUCTS_DIR; };
		01760CB020A85EF100BAB352 /* Douyu_APPTests.swift */ = {isa = PBXFileReference; lastKnownFileType = sourcecode.swift; path = Douyu_APPTests.swift; sourceTree = "<group>"; };
		01760CB220A85EF100BAB352 /* Info.plist */ = {isa = PBXFileReference; lastKnownFileType = text.plist.xml; path = Info.plist; sourceTree = "<group>"; };
		01760CB720A85EF100BAB352 /* Douyu APPUITests.xctest */ = {isa = PBXFileReference; explicitFileType = wrapper.cfbundle; includeInIndex = 0; path = "Douyu APPUITests.xctest"; sourceTree = BUILT_PRODUCTS_DIR; };
		01760CBB20A85EF100BAB352 /* Douyu_APPUITests.swift */ = {isa = PBXFileReference; lastKnownFileType = sourcecode.swift; path = Douyu_APPUITests.swift; sourceTree = "<group>"; };
		01760CBD20A85EF100BAB352 /* Info.plist */ = {isa = PBXFileReference; lastKnownFileType = text.plist.xml; path = Info.plist; sourceTree = "<group>"; };
/* End PBXFileReference section */

/* Begin PBXFrameworksBuildPhase section */
		01760C9520A85EF100BAB352 /* Frameworks */ = {
			isa = PBXFrameworksBuildPhase;
			buildActionMask = 2147483647;
			files = (
			);
			runOnlyForDeploymentPostprocessing = 0;
		};
		01760CA920A85EF100BAB352 /* Frameworks */ = {
			isa = PBXFrameworksBuildPhase;
			buildActionMask = 2147483647;
			files = (
			);
			runOnlyForDeploymentPostprocessing = 0;
		};
		01760CB420A85EF100BAB352 /* Frameworks */ = {
			isa = PBXFrameworksBuildPhase;
			buildActionMask = 2147483647;
			files = (
			);
			runOnlyForDeploymentPostprocessing = 0;
		};
/* End PBXFrameworksBuildPhase section */

/* Begin PBXGroup section */
		01760C8F20A85EF100BAB352 = {
			isa = PBXGroup;
			children = (
				01760C9A20A85EF100BAB352 /* Douyu APP */,
				01760CAF20A85EF100BAB352 /* Douyu APPTests */,
				01760CBA20A85EF100BAB352 /* Douyu APPUITests */,
				01760C9920A85EF100BAB352 /* Products */,
			);
			sourceTree = "<group>";
		};
		01760C9920A85EF100BAB352 /* Products */ = {
			isa = PBXGroup;
			children = (
				01760C9820A85EF100BAB352 /* Douyu APP.app */,
				01760CAC20A85EF100BAB352 /* Douyu APPTests.xctest */,
				01760CB720A85EF100BAB352 /* Douyu APPUITests.xctest */,
			);
			name = Products;
			sourceTree = "<group>";
		};
		01760C9A20A85EF100BAB352 /* Douyu APP */ = {
			isa = PBXGroup;
			children = (
				01760C9B20A85EF100BAB352 /* AppDelegate.swift */,
				01760C9D20A85EF100BAB352 /* ViewController.swift */,
				01760C9F20A85EF100BAB352 /* Main.storyboard */,
				01760CA220A85EF100BAB352 /* Assets.xcassets */,
				01760CA420A85EF100BAB352 /* LaunchScreen.storyboard */,
				01760CA720A85EF100BAB352 /* Info.plist */,
			);
			path = "Douyu APP";
			sourceTree = "<group>";
		};
		01760CAF20A85EF100BAB352 /* Douyu APPTests */ = {
			isa = PBXGroup;
			children = (
				01760CB020A85EF100BAB352 /* Douyu_APPTests.swift */,
				01760CB220A85EF100BAB352 /* Info.plist */,
			);
			path = "Douyu APPTests";
			sourceTree = "<group>";
		};
		01760CBA20A85EF100BAB352 /* Douyu APPUITests */ = {
			isa = PBXGroup;
			children = (
				01760CBB20A85EF100BAB352 /* Douyu_APPUITests.swift */,
				01760CBD20A85EF100BAB352 /* Info.plist */,
			);
			path = "Douyu APPUITests";
			sourceTree = "<group>";
		};
/* End PBXGroup section */

/* Begin PBXNativeTarget section */
		01760C9720A85EF100BAB352 /* Douyu APP */ = {
			isa = PBXNativeTarget;
			buildConfigurationList = 01760CC020A85EF100BAB352 /* Build configuration list for PBXNativeTarget "Douyu APP" */;
			buildPhases = (
				01760C9420A85EF100BAB352 /* Sources */,
				01760C9520A85EF100BAB352 /* Frameworks */,
				01760C9620A85EF100BAB352 /* Resources */,
			);
			buildRules = (
			);
			dependencies = (
			);
			name = "Douyu APP";
			productName = "Douyu APP";
			productReference = 01760C9820A85EF100BAB352 /* Douyu APP.app */;
			productType = "com.apple.product-type.application";
		};
		01760CAB20A85EF100BAB352 /* Douyu APPTests */ = {
			isa = PBXNativeTarget;
			buildConfigurationList = 01760CC320A85EF100BAB352 /* Build configuration list for PBXNativeTarget "Douyu APPTests" */;
			buildPhases = (
				01760CA820A85EF100BAB352 /* Sources */,
				01760CA920A85EF100BAB352 /* Frameworks */,
				01760CAA20A85EF100BAB352 /* Resources */,
			);
			buildRules = (
			);
			dependencies = (
				01760CAE20A85EF100BAB352 /* PBXTargetDependency */,
			);
			name = "Douyu APPTests";
			productName = "Douyu APPTests";
			productReference = 01760CAC20A85EF100BAB352 /* Douyu APPTests.xctest */;
			productType = "com.apple.product-type.bundle.unit-test";
		};
		01760CB620A85EF100BAB352 /* Douyu APPUITests */ = {
			isa = PBXNativeTarget;
			buildConfigurationList = 01760CC620A85EF100BAB352 /* Build configuration list for PBXNativeTarget "Douyu APPUITests" */;
			buildPhases = (
				01760CB320A85EF100BAB352 /* Sources */,
				01760CB420A85EF100BAB352 /* Frameworks */,
				01760CB520A85EF100BAB352 /* Resources */,
			);
			buildRules = (
			);
			dependencies = (
				01760CB920A85EF100BAB352 /* PBXTargetDependency */,
			);
			name = "Douyu APPUITests";
			productName = "Douyu APPUITests";
			productReference = 01760CB720A85EF100BAB352 /* Douyu APPUITests.xctest */;
			productType = "com.apple.product-type.bundle.ui-testing";
		};
/* End PBXNativeTarget section */

/* Begin PBXProject section */
		01760C9020A85EF100BAB352 /* Project object */ = {
			isa = PBXProject;
			attributes = {
				LastSwiftUpdateCheck = 0920;
				LastUpgradeCheck = 0920;
				ORGANIZATIONNAME = Nick;
				TargetAttributes = {
					01760C9720A85EF100BAB352 = {
						CreatedOnToolsVersion = 9.2;
						ProvisioningStyle = Automatic;
					};
					01760CAB20A85EF100BAB352 = {
						CreatedOnToolsVersion = 9.2;
						ProvisioningStyle = Automatic;
						TestTargetID = 01760C9720A85EF100BAB352;
					};
					01760CB620A85EF100BAB352 = {
						CreatedOnToolsVersion = 9.2;
						ProvisioningStyle = Automatic;
						TestTargetID = 01760C9720A85EF100BAB352;
					};
				};
			};
			buildConfigurationList = 01760C9320A85EF100BAB352 /* Build configuration list for PBXProject "Douyu APP" */;
			compatibilityVersion = "Xcode 8.0";
			developmentRegion = en;
			hasScannedForEncodings = 0;
			knownRegions = (
				en,
				Base,
			);
			mainGroup = 01760C8F20A85EF100BAB352;
			productRefGroup = 01760C9920A85EF100BAB352 /* Products */;
			projectDirPath = "";
			projectRoot = "";
			targets = (
				01760C9720A85EF100BAB352 /* Douyu APP */,
				01760CAB20A85EF100BAB352 /* Douyu APPTests */,
				01760CB620A85EF100BAB352 /* Douyu APPUITests */,
			);
		};
/* End PBXProject section */

/* Begin PBXResourcesBuildPhase section */
		01760C9620A85EF100BAB352 /* Resources */ = {
			isa = PBXResourcesBuildPhase;
			buildActionMask = 2147483647;
			files = (
				01760CA620A85EF100BAB352 /* LaunchScreen.storyboard in Resources */,
				01760CA320A85EF100BAB352 /* Assets.xcassets in Resources */,
				01760CA120A85EF100BAB352 /* Main.storyboard in Resources */,
			);
			runOnlyForDeploymentPostprocessing = 0;
		};
		01760CAA20A85EF100BAB352 /* Resources */ = {
			isa = PBXResourcesBuildPhase;
			buildActionMask = 2147483647;
			files = (
			);
			runOnlyForDeploymentPostprocessing = 0;
		};
		01760CB520A85EF100BAB352 /* Resources */ = {
			isa = PBXResourcesBuildPhase;
			buildActionMask = 2147483647;
			files = (
			);
			runOnlyForDeploymentPostprocessing = 0;
		};
/* End PBXResourcesBuildPhase section */

/* Begin PBXSourcesBuildPhase section */
		01760C9420A85EF100BAB352 /* Sources */ = {
			isa = PBXSourcesBuildPhase;
			buildActionMask = 2147483647;
			files = (
				01760C9E20A85EF100BAB352 /* ViewController.swift in Sources */,
				01760C9C20A85EF100BAB352 /* AppDelegate.swift in Sources */,
			);
			runOnlyForDeploymentPostprocessing = 0;
		};
		01760CA820A85EF100BAB352 /* Sources */ = {
			isa = PBXSourcesBuildPhase;
			buildActionMask = 2147483647;
			files = (
				01760CB120A85EF100BAB352 /* Douyu_APPTests.swift in Sources */,
			);
			runOnlyForDeploymentPostprocessing = 0;
		};
		01760CB320A85EF100BAB352 /* Sources */ = {
			isa = PBXSourcesBuildPhase;
			buildActionMask = 2147483647;
			files = (
				01760CBC20A85EF100BAB352 /* Douyu_APPUITests.swift in Sources */,
			);
			runOnlyForDeploymentPostprocessing = 0;
		};
/* End PBXSourcesBuildPhase section */

/* Begin PBXTargetDependency section */
		01760CAE20A85EF100BAB352 /* PBXTargetDependency */ = {
			isa = PBXTargetDependency;
			target = 01760C9720A85EF100BAB352 /* Douyu APP */;
			targetProxy = 01760CAD20A85EF100BAB352 /* PBXContainerItemProxy */;
		};
		01760CB920A85EF100BAB352 /* PBXTargetDependency */ = {
			isa = PBXTargetDependency;
			target = 01760C9720A85EF100BAB352 /* Douyu APP */;
			targetProxy = 01760CB820A85EF100BAB352 /* PBXContainerItemProxy */;
		};
/* End PBXTargetDependency section */

/* Begin PBXVariantGroup section */
		01760C9F20A85EF100BAB352 /* Main.storyboard */ = {
			isa = PBXVariantGroup;
			children = (
				01760CA020A85EF100BAB352 /* Base */,
			);
			name = Main.storyboard;
			sourceTree = "<group>";
		};
		01760CA420A85EF100BAB352 /* LaunchScreen.storyboard */ = {
			isa = PBXVariantGroup;
			children = (
				01760CA520A85EF100BAB352 /* Base */,
			);
			name = LaunchScreen.storyboard;
			sourceTree = "<group>";
		};
/* End PBXVariantGroup section */

/* Begin XCBuildConfiguration section */
		01760CBE20A85EF100BAB352 /* Debug */ = {
			isa = XCBuildConfiguration;
			buildSettings = {
				ALWAYS_SEARCH_USER_PATHS = NO;
				CLANG_ANALYZER_NONNULL = YES;
				CLANG_ANALYZER_NUMBER_OBJECT_CONVERSION = YES_AGGRESSIVE;
				CLANG_CXX_LANGUAGE_STANDARD = "gnu++14";
				CLANG_CXX_LIBRARY = "libc++";
				CLANG_ENABLE_MODULES = YES;
				CLANG_ENABLE_OBJC_ARC = YES;
				CLANG_WARN_BLOCK_CAPTURE_AUTORELEASING = YES;
				CLANG_WARN_BOOL_CONVERSION = YES;
				CLANG_WARN_COMMA = YES;
				CLANG_WARN_CONSTANT_CONVERSION = YES;
				CLANG_WARN_DIRECT_OBJC_ISA_USAGE = YES_ERROR;
				CLANG_WARN_DOCUMENTATION_COMMENTS = YES;
				CLANG_WARN_EMPTY_BODY = YES;
				CLANG_WARN_ENUM_CONVERSION = YES;
				CLANG_WARN_INFINITE_RECURSION = YES;
				CLANG_WARN_INT_CONVERSION = YES;
				CLANG_WARN_NON_LITERAL_NULL_CONVERSION = YES;
				CLANG_WARN_OBJC_LITERAL_CONVERSION = YES;
				CLANG_WARN_OBJC_ROOT_CLASS = YES_ERROR;
				CLANG_WARN_RANGE_LOOP_ANALYSIS = YES;
				CLANG_WARN_STRICT_PROTOTYPES = YES;
				CLANG_WARN_SUSPICIOUS_MOVE = YES;
				CLANG_WARN_UNGUARDED_AVAILABILITY = YES_AGGRESSIVE;
				CLANG_WARN_UNREACHABLE_CODE = YES;
				CLANG_WARN__DUPLICATE_METHOD_MATCH = YES;
				CODE_SIGN_IDENTITY = "iPhone Developer";
				COPY_PHASE_STRIP = NO;
				DEBUG_INFORMATION_FORMAT = dwarf;
				ENABLE_STRICT_OBJC_MSGSEND = YES;
				ENABLE_TESTABILITY = YES;
				GCC_C_LANGUAGE_STANDARD = gnu11;
				GCC_DYNAMIC_NO_PIC = NO;
				GCC_NO_COMMON_BLOCKS = YES;
				GCC_OPTIMIZATION_LEVEL = 0;
				GCC_PREPROCESSOR_DEFINITIONS = (
					"DEBUG=1",
					"$(inherited)",
				);
				GCC_WARN_64_TO_32_BIT_CONVERSION = YES;
				GCC_WARN_ABOUT_RETURN_TYPE = YES_ERROR;
				GCC_WARN_UNDECLARED_SELECTOR = YES;
				GCC_WARN_UNINITIALIZED_AUTOS = YES_AGGRESSIVE;
				GCC_WARN_UNUSED_FUNCTION = YES;
				GCC_WARN_UNUSED_VARIABLE = YES;
				IPHONEOS_DEPLOYMENT_TARGET = 11.2;
				MTL_ENABLE_DEBUG_INFO = YES;
				ONLY_ACTIVE_ARCH = YES;
				SDKROOT = iphoneos;
				SWIFT_ACTIVE_COMPILATION_CONDITIONS = DEBUG;
				SWIFT_OPTIMIZATION_LEVEL = "-Onone";
			};
			name = Debug;
		};
		01760CBF20A85EF100BAB352 /* Release */ = {
			isa = XCBuildConfiguration;
			buildSettings = {
				ALWAYS_SEARCH_USER_PATHS = NO;
				CLANG_ANALYZER_NONNULL = YES;
				CLANG_ANALYZER_NUMBER_OBJECT_CONVERSION = YES_AGGRESSIVE;
				CLANG_CXX_LANGUAGE_STANDARD = "gnu++14";
				CLANG_CXX_LIBRARY = "libc++";
				CLANG_ENABLE_MODULES = YES;
				CLANG_ENABLE_OBJC_ARC = YES;
				CLANG_WARN_BLOCK_CAPTURE_AUTORELEASING = YES;
				CLANG_WARN_BOOL_CONVERSION = YES;
				CLANG_WARN_COMMA = YES;
				CLANG_WARN_CONSTANT_CONVERSION = YES;
				CLANG_WARN_DIRECT_OBJC_ISA_USAGE = YES_ERROR;
				CLANG_WARN_DOCUMENTATION_COMMENTS = YES;
				CLANG_WARN_EMPTY_BODY = YES;
				CLANG_WARN_ENUM_CONVERSION = YES;
				CLANG_WARN_INFINITE_RECURSION = YES;
				CLANG_WARN_INT_CONVERSION = YES;
				CLANG_WARN_NON_LITERAL_NULL_CONVERSION = YES;
				CLANG_WARN_OBJC_LITERAL_CONVERSION = YES;
				CLANG_WARN_OBJC_ROOT_CLASS = YES_ERROR;
				CLANG_WARN_RANGE_LOOP_ANALYSIS = YES;
				CLANG_WARN_STRICT_PROTOTYPES = YES;
				CLANG_WARN_SUSPICIOUS_MOVE = YES;
				CLANG_WARN_UNGUARDED_AVAILABILITY = YES_AGGRESSIVE;
				CLANG_WARN_UNREACHABLE_CODE = YES;
				CLANG_WARN__DUPLICATE_METHOD_MATCH = YES;
				CODE_SIGN_IDENTITY = "iPhone Developer";
				COPY_PHASE_STRIP = NO;
				DEBUG_INFORMATION_FORMAT = "dwarf-with-dsym";
				ENABLE_NS_ASSERTIONS = NO;
				ENABLE_STRICT_OBJC_MSGSEND = YES;
				GCC_C_LANGUAGE_STANDARD = gnu11;
				GCC_NO_COMMON_BLOCKS = YES;
				GCC_WARN_64_TO_32_BIT_CONVERSION = YES;
				GCC_WARN_ABOUT_RETURN_TYPE = YES_ERROR;
				GCC_WARN_UNDECLARED_SELECTOR = YES;
				GCC_WARN_UNINITIALIZED_AUTOS = YES_AGGRESSIVE;
				GCC_WARN_UNUSED_FUNCTION = YES;
				GCC_WARN_UNUSED_VARIABLE = YES;
				IPHONEOS_DEPLOYMENT_TARGET = 11.2;
				MTL_ENABLE_DEBUG_INFO = NO;
				SDKROOT = iphoneos;
				SWIFT_OPTIMIZATION_LEVEL = "-Owholemodule";
				VALIDATE_PRODUCT = YES;
			};
			name = Release;
		};
		01760CC120A85EF100BAB352 /* Debug */ = {
			isa = XCBuildConfiguration;
			buildSettings = {
				ASSETCATALOG_COMPILER_APPICON_NAME = AppIcon;
				CODE_SIGN_STYLE = Automatic;
				DEVELOPMENT_TEAM = 977KKXWBS3;
				INFOPLIST_FILE = "Douyu APP/Info.plist";
				LD_RUNPATH_SEARCH_PATHS = "$(inherited) @executable_path/Frameworks";
				PRODUCT_BUNDLE_IDENTIFIER = "private.Douyu-APP";
				PRODUCT_NAME = "$(TARGET_NAME)";
				SWIFT_VERSION = 4.0;
				TARGETED_DEVICE_FAMILY = "1,2";
			};
			name = Debug;
		};
		01760CC220A85EF100BAB352 /* Release */ = {
			isa = XCBuildConfiguration;
			buildSettings = {
				ASSETCATALOG_COMPILER_APPICON_NAME = AppIcon;
				CODE_SIGN_STYLE = Automatic;
				DEVELOPMENT_TEAM = 977KKXWBS3;
				INFOPLIST_FILE = "Douyu APP/Info.plist";
				LD_RUNPATH_SEARCH_PATHS = "$(inherited) @executable_path/Frameworks";
				PRODUCT_BUNDLE_IDENTIFIER = "private.Douyu-APP";
				PRODUCT_NAME = "$(TARGET_NAME)";
				SWIFT_VERSION = 4.0;
				TARGETED_DEVICE_FAMILY = "1,2";
			};
			name = Release;
		};
		01760CC420A85EF100BAB352 /* Debug */ = {
			isa = XCBuildConfiguration;
			buildSettings = {
				ALWAYS_EMBED_SWIFT_STANDARD_LIBRARIES = YES;
				BUNDLE_LOADER = "$(TEST_HOST)";
				CODE_SIGN_STYLE = Automatic;
				DEVELOPMENT_TEAM = 977KKXWBS3;
				INFOPLIST_FILE = "Douyu APPTests/Info.plist";
				LD_RUNPATH_SEARCH_PATHS = "$(inherited) @executable_path/Frameworks @loader_path/Frameworks";
				PRODUCT_BUNDLE_IDENTIFIER = "private.Douyu-APPTests";
				PRODUCT_NAME = "$(TARGET_NAME)";
				SWIFT_VERSION = 4.0;
				TARGETED_DEVICE_FAMILY = "1,2";
				TEST_HOST = "$(BUILT_PRODUCTS_DIR)/Douyu APP.app/Douyu APP";
			};
			name = Debug;
		};
		01760CC520A85EF100BAB352 /* Release */ = {
			isa = XCBuildConfiguration;
			buildSettings = {
				ALWAYS_EMBED_SWIFT_STANDARD_LIBRARIES = YES;
				BUNDLE_LOADER = "$(TEST_HOST)";
				CODE_SIGN_STYLE = Automatic;
				DEVELOPMENT_TEAM = 977KKXWBS3;
				INFOPLIST_FILE = "Douyu APPTests/Info.plist";
				LD_RUNPATH_SEARCH_PATHS = "$(inherited) @executable_path/Frameworks @loader_path/Frameworks";
				PRODUCT_BUNDLE_IDENTIFIER = "private.Douyu-APPTests";
				PRODUCT_NAME = "$(TARGET_NAME)";
				SWIFT_VERSION = 4.0;
				TARGETED_DEVICE_FAMILY = "1,2";
				TEST_HOST = "$(BUILT_PRODUCTS_DIR)/Douyu APP.app/Douyu APP";
			};
			name = Release;
		};
		01760CC720A85EF100BAB352 /* Debug */ = {
			isa = XCBuildConfiguration;
			buildSettings = {
				ALWAYS_EMBED_SWIFT_STANDARD_LIBRARIES = YES;
				CODE_SIGN_STYLE = Automatic;
				DEVELOPMENT_TEAM = 977KKXWBS3;
				INFOPLIST_FILE = "Douyu APPUITests/Info.plist";
				LD_RUNPATH_SEARCH_PATHS = "$(inherited) @executable_path/Frameworks @loader_path/Frameworks";
				PRODUCT_BUNDLE_IDENTIFIER = "private.Douyu-APPUITests";
				PRODUCT_NAME = "$(TARGET_NAME)";
				SWIFT_VERSION = 4.0;
				TARGETED_DEVICE_FAMILY = "1,2";
				TEST_TARGET_NAME = "Douyu APP";
			};
			name = Debug;
		};
		01760CC820A85EF100BAB352 /* Release */ = {
			isa = XCBuildConfiguration;
			buildSettings = {
				ALWAYS_EMBED_SWIFT_STANDARD_LIBRARIES = YES;
				CODE_SIGN_STYLE = Automatic;
				DEVELOPMENT_TEAM = 977KKXWBS3;
				INFOPLIST_FILE = "Douyu APPUITests/Info.plist";
				LD_RUNPATH_SEARCH_PATHS = "$(inherited) @executable_path/Frameworks @loader_path/Frameworks";
				PRODUCT_BUNDLE_IDENTIFIER = "private.Douyu-APPUITests";
				PRODUCT_NAME = "$(TARGET_NAME)";
				SWIFT_VERSION = 4.0;
				TARGETED_DEVICE_FAMILY = "1,2";
				TEST_TARGET_NAME = "Douyu APP";
			};
			name = Release;
		};
/* End XCBuildConfiguration section */

/* Begin XCConfigurationList section */
		01760C9320A85EF100BAB352 /* Build configuration list for PBXProject "Douyu APP" */ = {
			isa = XCConfigurationList;
			buildConfigurations = (
				01760CBE20A85EF100BAB352 /* Debug */,
				01760CBF20A85EF100BAB352 /* Release */,
			);
			defaultConfigurationIsVisible = 0;
			defaultConfigurationName = Release;
		};
		01760CC020A85EF100BAB352 /* Build configuration list for PBXNativeTarget "Douyu APP" */ = {
			isa = XCConfigurationList;
			buildConfigurations = (
				01760CC120A85EF100BAB352 /* Debug */,
				01760CC220A85EF100BAB352 /* Release */,
			);
			defaultConfigurationIsVisible = 0;
			defaultConfigurationName = Release;
		};
		01760CC320A85EF100BAB352 /* Build configuration list for PBXNativeTarget "Douyu APPTests" */ = {
			isa = XCConfigurationList;
			buildConfigurations = (
				01760CC420A85EF100BAB352 /* Debug */,
				01760CC520A85EF100BAB352 /* Release */,
			);
			defaultConfigurationIsVisible = 0;
			defaultConfigurationName = Release;
		};
		01760CC620A85EF100BAB352 /* Build configuration list for PBXNativeTarget "Douyu APPUITests" */ = {
			isa = XCConfigurationList;
			buildConfigurations = (
				01760CC720A85EF100BAB352 /* Debug */,
				01760CC820A85EF100BAB352 /* Release */,
			);
			defaultConfigurationIsVisible = 0;
			defaultConfigurationName = Release;
		};
/* End XCConfigurationList section */
	};
	rootObject = 01760C9020A85EF100BAB352 /* Project object */;
}
